
Microsoft Visual Studio Solution File, Format Version 12.00
# Visual Studio Version 17
VisualStudioVersion = 17.10.35122.118
MinimumVisualStudioVersion = 10.0.40219.1
Project("{FAE04EC0-301F-11D3-BF4B-00C04F79EFBC}") = "BibliotekHanteringsSystemAvancerad", "BibliotekHanteringsSystemAvancerad.csproj", "{8339857A-9080-44ED-A859-7DAB2D31A1F8}"
EndProject
Global
	GlobalSection(SolutionConfigurationPlatforms) = preSolution
		Debug|Any CPU = Debug|Any CPU
		Release|Any CPU = Release|Any CPU
	EndGlobalSection
	GlobalSection(ProjectConfigurationPlatforms) = postSolution
		{8339857A-9080-44ED-A859-7DAB2D31A1F8}.Debug|Any CPU.ActiveCfg = Debug|Any CPU
		{8339857A-9080-44ED-A859-7DAB2D31A1F8}.Debug|Any CPU.Build.0 = Debug|Any CPU
		{8339857A-9080-44ED-A859-7DAB2D31A1F8}.Release|Any CPU.ActiveCfg = Release|Any CPU
		{8339857A-9080-44ED-A859-7DAB2D31A1F8}.Release|Any CPU.Build.0 = Release|Any CPU
	EndGlobalSection
	GlobalSection(SolutionProperties) = preSolution
		HideSolutionNode = FALSE
	EndGlobalSection
	GlobalSection(ExtensibilityGlobals) = postSolution
		SolutionGuid = {0A295637-3AC6-4164-A45B-A5799A6D24CA}
	EndGlobalSection
EndGlobal
